
Microsoft Visual Studio Solution File, Format Version 12.00
# Visual Studio Version 16
VisualStudioVersion = 16.0.30717.126
MinimumVisualStudioVersion = 10.0.40219.1
Project("{9A19103F-16F7-4668-BE54-9A1E7A4F7556}") = "PointOfSalesApp", "PointOfSalesApp\PointOfSalesApp.csproj", "{C9BE9286-603D-4BD6-B8CA-0DA560CD00B3}"
EndProject
Project("{FAE04EC0-301F-11D3-BF4B-00C04F79EFBC}") = "XUnitPointOfSales", "XUnitPointOfSales\XUnitPointOfSales.csproj", "{03F1B927-4EFD-4458-86D1-02907938FA56}"
EndProject
Global
	GlobalSection(SolutionConfigurationPlatforms) = preSolution
		Debug|Any CPU = Debug|Any CPU
		Release|Any CPU = Release|Any CPU
	EndGlobalSection
	GlobalSection(ProjectConfigurationPlatforms) = postSolution
		{C9BE9286-603D-4BD6-B8CA-0DA560CD00B3}.Debug|Any CPU.ActiveCfg = Debug|Any CPU
		{C9BE9286-603D-4BD6-B8CA-0DA560CD00B3}.Debug|Any CPU.Build.0 = Debug|Any CPU
		{C9BE9286-603D-4BD6-B8CA-0DA560CD00B3}.Release|Any CPU.ActiveCfg = Release|Any CPU
		{C9BE9286-603D-4BD6-B8CA-0DA560CD00B3}.Release|Any CPU.Build.0 = Release|Any CPU
		{03F1B927-4EFD-4458-86D1-02907938FA56}.Debug|Any CPU.ActiveCfg = Debug|Any CPU
		{03F1B927-4EFD-4458-86D1-02907938FA56}.Debug|Any CPU.Build.0 = Debug|Any CPU
		{03F1B927-4EFD-4458-86D1-02907938FA56}.Release|Any CPU.ActiveCfg = Release|Any CPU
		{03F1B927-4EFD-4458-86D1-02907938FA56}.Release|Any CPU.Build.0 = Release|Any CPU
	EndGlobalSection
	GlobalSection(SolutionProperties) = preSolution
		HideSolutionNode = FALSE
	EndGlobalSection
	GlobalSection(ExtensibilityGlobals) = postSolution
		SolutionGuid = {A7A44383-7EC7-4A83-AE8F-DEB7521BD014}
	EndGlobalSection
EndGlobal
